{
  "name": "test",
  "lockfileVersion": 2,
  "requires": true,
  "packages": {
    "": {
      "dependencies": {
        "retypeapp-win-x64": "^2.3.0"
      }
    },
    "node_modules/retypeapp-win-x64": {
      "version": "2.3.0",
      "resolved": "https://registry.npmjs.org/retypeapp-win-x64/-/retypeapp-win-x64-2.3.0.tgz",
      "integrity": "sha512-3osSihDc/7weqDh9gKr55QJ2z5yezyZa+qzU6qNpnqs+HFCDZ1nALNQzp7LO8tIxsQuuwXJsR2TZ4K9P5gP9Sw==",
      "bin": {
        "retype": "retype.js"
      }
    }
  },
  "dependencies": {
    "retypeapp-win-x64": {
      "version": "2.3.0",
      "resolved": "https://registry.npmjs.org/retypeapp-win-x64/-/retypeapp-win-x64-2.3.0.tgz",
      "integrity": "sha512-3osSihDc/7weqDh9gKr55QJ2z5yezyZa+qzU6qNpnqs+HFCDZ1nALNQzp7LO8tIxsQuuwXJsR2TZ4K9P5gP9Sw=="
    }
  }
}
